
Microsoft Visual Studio Solution File, Format Version 12.00
# Visual Studio Version 16
VisualStudioVersion = 16.0.30611.23
MinimumVisualStudioVersion = 10.0.40219.1
Project("{9A19103F-16F7-4668-BE54-9A1E7A4F7556}") = "SortVisualizerLibrary", "SortVisualizerLibrary\SortVisualizerLibrary.csproj", "{6567C5F9-D6A7-472B-BC1A-E8B1B6729A8E}"
EndProject
Project("{FAE04EC0-301F-11D3-BF4B-00C04F79EFBC}") = "SortVisualizerGUI", "SortVisualizerGUI\SortVisualizerGUI.csproj", "{65999A20-D80B-47C3-9489-F1CEC686F872}"
EndProject
Project("{FAE04EC0-301F-11D3-BF4B-00C04F79EFBC}") = "SortVisualizerCUI", "SortVisualizerCUI\SortVisualizerCUI.csproj", "{45603642-8558-4C48-AECE-FA5FD9CEED39}"
EndProject
Global
	GlobalSection(SolutionConfigurationPlatforms) = preSolution
		Debug|Any CPU = Debug|Any CPU
		Release|Any CPU = Release|Any CPU
	EndGlobalSection
	GlobalSection(ProjectConfigurationPlatforms) = postSolution
		{6567C5F9-D6A7-472B-BC1A-E8B1B6729A8E}.Debug|Any CPU.ActiveCfg = Debug|Any CPU
		{6567C5F9-D6A7-472B-BC1A-E8B1B6729A8E}.Debug|Any CPU.Build.0 = Debug|Any CPU
		{6567C5F9-D6A7-472B-BC1A-E8B1B6729A8E}.Release|Any CPU.ActiveCfg = Release|Any CPU
		{6567C5F9-D6A7-472B-BC1A-E8B1B6729A8E}.Release|Any CPU.Build.0 = Release|Any CPU
		{65999A20-D80B-47C3-9489-F1CEC686F872}.Debug|Any CPU.ActiveCfg = Debug|Any CPU
		{65999A20-D80B-47C3-9489-F1CEC686F872}.Debug|Any CPU.Build.0 = Debug|Any CPU
		{65999A20-D80B-47C3-9489-F1CEC686F872}.Release|Any CPU.ActiveCfg = Release|Any CPU
		{65999A20-D80B-47C3-9489-F1CEC686F872}.Release|Any CPU.Build.0 = Release|Any CPU
		{45603642-8558-4C48-AECE-FA5FD9CEED39}.Debug|Any CPU.ActiveCfg = Debug|Any CPU
		{45603642-8558-4C48-AECE-FA5FD9CEED39}.Debug|Any CPU.Build.0 = Debug|Any CPU
		{45603642-8558-4C48-AECE-FA5FD9CEED39}.Release|Any CPU.ActiveCfg = Release|Any CPU
		{45603642-8558-4C48-AECE-FA5FD9CEED39}.Release|Any CPU.Build.0 = Release|Any CPU
	EndGlobalSection
	GlobalSection(SolutionProperties) = preSolution
		HideSolutionNode = FALSE
	EndGlobalSection
	GlobalSection(ExtensibilityGlobals) = postSolution
		SolutionGuid = {01C1C866-1D12-457D-83C7-4CC1681C1B87}
	EndGlobalSection
EndGlobal
